// !$*UTF8*$!
{
	archiveVersion = 1;
	classes = {
	};
	objectVersion = 46;
	objects = {

/* Begin PBXBuildFile section */
		9543C1621F4FBE6900345317 /* MD5Tool.m in Sources */ = {isa = PBXBuildFile; fileRef = 9543C15C1F4FBE6900345317 /* MD5Tool.m */; };
		9543C1631F4FBE6900345317 /* HTTPCache.m in Sources */ = {isa = PBXBuildFile; fileRef = 9543C15F1F4FBE6900345317 /* HTTPCache.m */; };
		9543C1641F4FBE6900345317 /* HttpTool.m in Sources */ = {isa = PBXBuildFile; fileRef = 9543C1611F4FBE6900345317 /* HttpTool.m */; };
		9543C1681F4FBE7000345317 /* YQImageCompressTool.m in Sources */ = {isa = PBXBuildFile; fileRef = 9543C1671F4FBE7000345317 /* YQImageCompressTool.m */; };
		9543C16C1F4FBFB300345317 /* PhotoModel.m in Sources */ = {isa = PBXBuildFile; fileRef = 9543C16B1F4FBFB300345317 /* PhotoModel.m */; };
		9543C1CE1F4FC10600345317 /* AFHTTPSessionManager.m in Sources */ = {isa = PBXBuildFile; fileRef = 9543C1AB1F4FC10600345317 /* AFHTTPSessionManager.m */; };
		9543C1CF1F4FC10600345317 /* AFNetworkReachabilityManager.m in Sources */ = {isa = PBXBuildFile; fileRef = 9543C1AE1F4FC10600345317 /* AFNetworkReachabilityManager.m */; };
		9543C1D01F4FC10600345317 /* AFSecurityPolicy.m in Sources */ = {isa = PBXBuildFile; fileRef = 9543C1B01F4FC10600345317 /* AFSecurityPolicy.m */; };
		9543C1D11F4FC10600345317 /* AFURLRequestSerialization.m in Sources */ = {isa = PBXBuildFile; fileRef = 9543C1B21F4FC10600345317 /* AFURLRequestSerialization.m */; };
		9543C1D21F4FC10600345317 /* AFURLResponseSerialization.m in Sources */ = {isa = PBXBuildFile; fileRef = 9543C1B41F4FC10600345317 /* AFURLResponseSerialization.m */; };
		9543C1D31F4FC10600345317 /* AFURLSessionManager.m in Sources */ = {isa = PBXBuildFile; fileRef = 9543C1B61F4FC10600345317 /* AFURLSessionManager.m */; };
		9543C1D41F4FC10600345317 /* LICENSE in Resources */ = {isa = PBXBuildFile; fileRef = 9543C1B71F4FC10600345317 /* LICENSE */; };
		9543C1D51F4FC10600345317 /* README.md in Sources */ = {isa = PBXBuildFile; fileRef = 9543C1B81F4FC10600345317 /* README.md */; };
		9543C1D61F4FC10600345317 /* AFAutoPurgingImageCache.m in Sources */ = {isa = PBXBuildFile; fileRef = 9543C1BB1F4FC10600345317 /* AFAutoPurgingImageCache.m */; };
		9543C1D71F4FC10600345317 /* AFImageDownloader.m in Sources */ = {isa = PBXBuildFile; fileRef = 9543C1BD1F4FC10600345317 /* AFImageDownloader.m */; };
		9543C1D81F4FC10600345317 /* AFNetworkActivityIndicatorManager.m in Sources */ = {isa = PBXBuildFile; fileRef = 9543C1BF1F4FC10600345317 /* AFNetworkActivityIndicatorManager.m */; };
		9543C1D91F4FC10600345317 /* UIActivityIndicatorView+AFNetworking.m in Sources */ = {isa = PBXBuildFile; fileRef = 9543C1C11F4FC10600345317 /* UIActivityIndicatorView+AFNetworking.m */; };
		9543C1DA1F4FC10600345317 /* UIButton+AFNetworking.m in Sources */ = {isa = PBXBuildFile; fileRef = 9543C1C31F4FC10600345317 /* UIButton+AFNetworking.m */; };
		9543C1DB1F4FC10600345317 /* UIImageView+AFNetworking.m in Sources */ = {isa = PBXBuildFile; fileRef = 9543C1C61F4FC10600345317 /* UIImageView+AFNetworking.m */; };
		9543C1DC1F4FC10600345317 /* UIProgressView+AFNetworking.m in Sources */ = {isa = PBXBuildFile; fileRef = 9543C1C91F4FC10600345317 /* UIProgressView+AFNetworking.m */; };
		9543C1DD1F4FC10600345317 /* UIRefreshControl+AFNetworking.m in Sources */ = {isa = PBXBuildFile; fileRef = 9543C1CB1F4FC10600345317 /* UIRefreshControl+AFNetworking.m */; };
		9543C1DE1F4FC10600345317 /* UIWebView+AFNetworking.m in Sources */ = {isa = PBXBuildFile; fileRef = 9543C1CD1F4FC10600345317 /* UIWebView+AFNetworking.m */; };
		9543C1E81F4FC12800345317 /* YYCache.m in Sources */ = {isa = PBXBuildFile; fileRef = 9543C1E11F4FC12800345317 /* YYCache.m */; };
		9543C1E91F4FC12800345317 /* YYDiskCache.m in Sources */ = {isa = PBXBuildFile; fileRef = 9543C1E31F4FC12800345317 /* YYDiskCache.m */; };
		9543C1EA1F4FC12800345317 /* YYKVStorage.m in Sources */ = {isa = PBXBuildFile; fileRef = 9543C1E51F4FC12800345317 /* YYKVStorage.m */; };
		9543C1EB1F4FC12800345317 /* YYMemoryCache.m in Sources */ = {isa = PBXBuildFile; fileRef = 9543C1E71F4FC12800345317 /* YYMemoryCache.m */; };
		9543C1F01F4FC44E00345317 /* libsqlite3.tbd in Frameworks */ = {isa = PBXBuildFile; fileRef = 9543C1EF1F4FC44E00345317 /* libsqlite3.tbd */; };
		956D123F1F62488400D3BF39 /* NSBundle+TZImagePicker.m in Sources */ = {isa = PBXBuildFile; fileRef = 956D12251F62488400D3BF39 /* NSBundle+TZImagePicker.m */; };
		956D12401F62488400D3BF39 /* TZAssetCell.m in Sources */ = {isa = PBXBuildFile; fileRef = 956D12271F62488400D3BF39 /* TZAssetCell.m */; };
		956D12411F62488400D3BF39 /* TZAssetModel.m in Sources */ = {isa = PBXBuildFile; fileRef = 956D12291F62488400D3BF39 /* TZAssetModel.m */; };
		956D12421F62488400D3BF39 /* TZGifPhotoPreviewController.m in Sources */ = {isa = PBXBuildFile; fileRef = 956D122B1F62488400D3BF39 /* TZGifPhotoPreviewController.m */; };
		956D12431F62488400D3BF39 /* TZImageCropManager.m in Sources */ = {isa = PBXBuildFile; fileRef = 956D122D1F62488400D3BF39 /* TZImageCropManager.m */; };
		956D12441F62488400D3BF39 /* TZImageManager.m in Sources */ = {isa = PBXBuildFile; fileRef = 956D122F1F62488400D3BF39 /* TZImageManager.m */; };
		956D12451F62488400D3BF39 /* TZImagePickerController.bundle in Resources */ = {isa = PBXBuildFile; fileRef = 956D12301F62488400D3BF39 /* TZImagePickerController.bundle */; };
		956D12461F62488400D3BF39 /* TZImagePickerController.m in Sources */ = {isa = PBXBuildFile; fileRef = 956D12321F62488400D3BF39 /* TZImagePickerController.m */; };
		956D12471F62488400D3BF39 /* TZPhotoPickerController.m in Sources */ = {isa = PBXBuildFile; fileRef = 956D12341F62488400D3BF39 /* TZPhotoPickerController.m */; };
		956D12481F62488400D3BF39 /* TZPhotoPreviewCell.m in Sources */ = {isa = PBXBuildFile; fileRef = 956D12361F62488400D3BF39 /* TZPhotoPreviewCell.m */; };
		956D12491F62488400D3BF39 /* TZPhotoPreviewController.m in Sources */ = {isa = PBXBuildFile; fileRef = 956D12381F62488400D3BF39 /* TZPhotoPreviewController.m */; };
		956D124A1F62488400D3BF39 /* TZProgressView.m in Sources */ = {isa = PBXBuildFile; fileRef = 956D123A1F62488400D3BF39 /* TZProgressView.m */; };
		956D124B1F62488400D3BF39 /* TZVideoPlayerController.m in Sources */ = {isa = PBXBuildFile; fileRef = 956D123C1F62488400D3BF39 /* TZVideoPlayerController.m */; };
		956D124C1F62488400D3BF39 /* UIView+Layout.m in Sources */ = {isa = PBXBuildFile; fileRef = 956D123E1F62488400D3BF39 /* UIView+Layout.m */; };
		95D37B561F4FBC6900A609BD /* main.m in Sources */ = {isa = PBXBuildFile; fileRef = 95D37B551F4FBC6900A609BD /* main.m */; };
		95D37B591F4FBC6900A609BD /* AppDelegate.m in Sources */ = {isa = PBXBuildFile; fileRef = 95D37B581F4FBC6900A609BD /* AppDelegate.m */; };
		95D37B5C1F4FBC6900A609BD /* ViewController.m in Sources */ = {isa = PBXBuildFile; fileRef = 95D37B5B1F4FBC6900A609BD /* ViewController.m */; };
		95D37B5F1F4FBC6900A609BD /* Main.storyboard in Resources */ = {isa = PBXBuildFile; fileRef = 95D37B5D1F4FBC6900A609BD /* Main.storyboard */; };
		95D37B611F4FBC6900A609BD /* Assets.xcassets in Resources */ = {isa = PBXBuildFile; fileRef = 95D37B601F4FBC6900A609BD /* Assets.xcassets */; };
		95D37B641F4FBC6900A609BD /* LaunchScreen.storyboard in Resources */ = {isa = PBXBuildFile; fileRef = 95D37B621F4FBC6900A609BD /* LaunchScreen.storyboard */; };
		95D37B6F1F4FBC6900A609BD /* AFNetWorkingTests.m in Sources */ = {isa = PBXBuildFile; fileRef = 95D37B6E1F4FBC6900A609BD /* AFNetWorkingTests.m */; };
		95D37B7A1F4FBC6900A609BD /* AFNetWorkingUITests.m in Sources */ = {isa = PBXBuildFile; fileRef = 95D37B791F4FBC6900A609BD /* AFNetWorkingUITests.m */; };
/* End PBXBuildFile section */

/* Begin PBXContainerItemProxy section */
		95D37B6B1F4FBC6900A609BD /* PBXContainerItemProxy */ = {
			isa = PBXContainerItemProxy;
			containerPortal = 95D37B491F4FBC6800A609BD /* Project object */;
			proxyType = 1;
			remoteGlobalIDString = 95D37B501F4FBC6800A609BD;
			remoteInfo = AFNetWorking;
		};
		95D37B761F4FBC6900A609BD /* PBXContainerItemProxy */ = {
			isa = PBXContainerItemProxy;
			containerPortal = 95D37B491F4FBC6800A609BD /* Project object */;
			proxyType = 1;
			remoteGlobalIDString = 95D37B501F4FBC6800A609BD;
			remoteInfo = AFNetWorking;
		};
/* End PBXContainerItemProxy section */

/* Begin PBXFileReference section */
		9543C15B1F4FBE6900345317 /* MD5Tool.h */ = {isa = PBXFileReference; fileEncoding = 4; lastKnownFileType = sourcecode.c.h; path = MD5Tool.h; sourceTree = "<group>"; };
		9543C15C1F4FBE6900345317 /* MD5Tool.m */ = {isa = PBXFileReference; fileEncoding = 4; lastKnownFileType = sourcecode.c.objc; path = MD5Tool.m; sourceTree = "<group>"; };
		9543C15E1F4FBE6900345317 /* HTTPCache.h */ = {isa = PBXFileReference; fileEncoding = 4; lastKnownFileType = sourcecode.c.h; path = HTTPCache.h; sourceTree = "<group>"; };
		9543C15F1F4FBE6900345317 /* HTTPCache.m */ = {isa = PBXFileReference; fileEncoding = 4; lastKnownFileType = sourcecode.c.objc; path = HTTPCache.m; sourceTree = "<group>"; };
		9543C1601F4FBE6900345317 /* HttpTool.h */ = {isa = PBXFileReference; fileEncoding = 4; lastKnownFileType = sourcecode.c.h; path = HttpTool.h; sourceTree = "<group>"; };
		9543C1611F4FBE6900345317 /* HttpTool.m */ = {isa = PBXFileReference; fileEncoding = 4; lastKnownFileType = sourcecode.c.objc; path = HttpTool.m; sourceTree = "<group>"; };
		9543C1661F4FBE7000345317 /* YQImageCompressTool.h */ = {isa = PBXFileReference; fileEncoding = 4; lastKnownFileType = sourcecode.c.h; path = YQImageCompressTool.h; sourceTree = "<group>"; };
		9543C1671F4FBE7000345317 /* YQImageCompressTool.m */ = {isa = PBXFileReference; fileEncoding = 4; lastKnownFileType = sourcecode.c.objc; path = YQImageCompressTool.m; sourceTree = "<group>"; };
		9543C16A1F4FBFB300345317 /* PhotoModel.h */ = {isa = PBXFileReference; fileEncoding = 4; lastKnownFileType = sourcecode.c.h; path = PhotoModel.h; sourceTree = "<group>"; };
		9543C16B1F4FBFB300345317 /* PhotoModel.m */ = {isa = PBXFileReference; fileEncoding = 4; lastKnownFileType = sourcecode.c.objc; path = PhotoModel.m; sourceTree = "<group>"; };
		9543C1AA1F4FC10600345317 /* AFHTTPSessionManager.h */ = {isa = PBXFileReference; fileEncoding = 4; lastKnownFileType = sourcecode.c.h; path = AFHTTPSessionManager.h; sourceTree = "<group>"; };
		9543C1AB1F4FC10600345317 /* AFHTTPSessionManager.m */ = {isa = PBXFileReference; fileEncoding = 4; lastKnownFileType = sourcecode.c.objc; path = AFHTTPSessionManager.m; sourceTree = "<group>"; };
		9543C1AC1F4FC10600345317 /* AFNetworking.h */ = {isa = PBXFileReference; fileEncoding = 4; lastKnownFileType = sourcecode.c.h; path = AFNetworking.h; sourceTree = "<group>"; };
		9543C1AD1F4FC10600345317 /* AFNetworkReachabilityManager.h */ = {isa = PBXFileReference; fileEncoding = 4; lastKnownFileType = sourcecode.c.h; path = AFNetworkReachabilityManager.h; sourceTree = "<group>"; };
		9543C1AE1F4FC10600345317 /* AFNetworkReachabilityManager.m */ = {isa = PBXFileReference; fileEncoding = 4; lastKnownFileType = sourcecode.c.objc; path = AFNetworkReachabilityManager.m; sourceTree = "<group>"; };
		9543C1AF1F4FC10600345317 /* AFSecurityPolicy.h */ = {isa = PBXFileReference; fileEncoding = 4; lastKnownFileType = sourcecode.c.h; path = AFSecurityPolicy.h; sourceTree = "<group>"; };
		9543C1B01F4FC10600345317 /* AFSecurityPolicy.m */ = {isa = PBXFileReference; fileEncoding = 4; lastKnownFileType = sourcecode.c.objc; path = AFSecurityPolicy.m; sourceTree = "<group>"; };
		9543C1B11F4FC10600345317 /* AFURLRequestSerialization.h */ = {isa = PBXFileReference; fileEncoding = 4; lastKnownFileType = sourcecode.c.h; path = AFURLRequestSerialization.h; sourceTree = "<group>"; };
		9543C1B21F4FC10600345317 /* AFURLRequestSerialization.m */ = {isa = PBXFileReference; fileEncoding = 4; lastKnownFileType = sourcecode.c.objc; path = AFURLRequestSerialization.m; sourceTree = "<group>"; };
		9543C1B31F4FC10600345317 /* AFURLResponseSerialization.h */ = {isa = PBXFileReference; fileEncoding = 4; lastKnownFileType = sourcecode.c.h; path = AFURLResponseSerialization.h; sourceTree = "<group>"; };
		9543C1B41F4FC10600345317 /* AFURLResponseSerialization.m */ = {isa = PBXFileReference; fileEncoding = 4; lastKnownFileType = sourcecode.c.objc; path = AFURLResponseSerialization.m; sourceTree = "<group>"; };
		9543C1B51F4FC10600345317 /* AFURLSessionManager.h */ = {isa = PBXFileReference; fileEncoding = 4; lastKnownFileType = sourcecode.c.h; path = AFURLSessionManager.h; sourceTree = "<group>"; };
		9543C1B61F4FC10600345317 /* AFURLSessionManager.m */ = {isa = PBXFileReference; fileEncoding = 4; lastKnownFileType = sourcecode.c.objc; path = AFURLSessionManager.m; sourceTree = "<group>"; };
		9543C1B71F4FC10600345317 /* LICENSE */ = {isa = PBXFileReference; fileEncoding = 4; lastKnownFileType = text; path = LICENSE; sourceTree = "<group>"; };
		9543C1B81F4FC10600345317 /* README.md */ = {isa = PBXFileReference; fileEncoding = 4; lastKnownFileType = net.daringfireball.markdown; path = README.md; sourceTree = "<group>"; };
		9543C1BA1F4FC10600345317 /* AFAutoPurgingImageCache.h */ = {isa = PBXFileReference; fileEncoding = 4; lastKnownFileType = sourcecode.c.h; path = AFAutoPurgingImageCache.h; sourceTree = "<group>"; };
		9543C1BB1F4FC10600345317 /* AFAutoPurgingImageCache.m */ = {isa = PBXFileReference; fileEncoding = 4; lastKnownFileType = sourcecode.c.objc; path = AFAutoPurgingImageCache.m; sourceTree = "<group>"; };
		9543C1BC1F4FC10600345317 /* AFImageDownloader.h */ = {isa = PBXFileReference; fileEncoding = 4; lastKnownFileType = sourcecode.c.h; path = AFImageDownloader.h; sourceTree = "<group>"; };
		9543C1BD1F4FC10600345317 /* AFImageDownloader.m */ = {isa = PBXFileReference; fileEncoding = 4; lastKnownFileType = sourcecode.c.objc; path = AFImageDownloader.m; sourceTree = "<group>"; };
		9543C1BE1F4FC10600345317 /* AFNetworkActivityIndicatorManager.h */ = {isa = PBXFileReference; fileEncoding = 4; lastKnownFileType = sourcecode.c.h; path = AFNetworkActivityIndicatorManager.h; sourceTree = "<group>"; };
		9543C1BF1F4FC10600345317 /* AFNetworkActivityIndicatorManager.m */ = {isa = PBXFileReference; fileEncoding = 4; lastKnownFileType = sourcecode.c.objc; path = AFNetworkActivityIndicatorManager.m; sourceTree = "<group>"; };
		9543C1C01F4FC10600345317 /* UIActivityIndicatorView+AFNetworking.h */ = {isa = PBXFileReference; fileEncoding = 4; lastKnownFileType = sourcecode.c.h; path = "UIActivityIndicatorView+AFNetworking.h"; sourceTree = "<group>"; };
		9543C1C11F4FC10600345317 /* UIActivityIndicatorView+AFNetworking.m */ = {isa = PBXFileReference; fileEncoding = 4; lastKnownFileType = sourcecode.c.objc; path = "UIActivityIndicatorView+AFNetworking.m"; sourceTree = "<group>"; };
		9543C1C21F4FC10600345317 /* UIButton+AFNetworking.h */ = {isa = PBXFileReference; fileEncoding = 4; lastKnownFileType = sourcecode.c.h; path = "UIButton+AFNetworking.h"; sourceTree = "<group>"; };
		9543C1C31F4FC10600345317 /* UIButton+AFNetworking.m */ = {isa = PBXFileReference; fileEncoding = 4; lastKnownFileType = sourcecode.c.objc; path = "UIButton+AFNetworking.m"; sourceTree = "<group>"; };
		9543C1C41F4FC10600345317 /* UIImage+AFNetworking.h */ = {isa = PBXFileReference; fileEncoding = 4; lastKnownFileType = sourcecode.c.h; path = "UIImage+AFNetworking.h"; sourceTree = "<group>"; };
		9543C1C51F4FC10600345317 /* UIImageView+AFNetworking.h */ = {isa = PBXFileReference; fileEncoding = 4; lastKnownFileType = sourcecode.c.h; path = "UIImageView+AFNetworking.h"; sourceTree = "<group>"; };
		9543C1C61F4FC10600345317 /* UIImageView+AFNetworking.m */ = {isa = PBXFileReference; fileEncoding = 4; lastKnownFileType = sourcecode.c.objc; path = "UIImageView+AFNetworking.m"; sourceTree = "<group>"; };
		9543C1C71F4FC10600345317 /* UIKit+AFNetworking.h */ = {isa = PBXFileReference; fileEncoding = 4; lastKnownFileType = sourcecode.c.h; path = "UIKit+AFNetworking.h"; sourceTree = "<group>"; };
		9543C1C81F4FC10600345317 /* UIProgressView+AFNetworking.h */ = {isa = PBXFileReference; fileEncoding = 4; lastKnownFileType = sourcecode.c.h; path = "UIProgressView+AFNetworking.h"; sourceTree = "<group>"; };
		9543C1C91F4FC10600345317 /* UIProgressView+AFNetworking.m */ = {isa = PBXFileReference; fileEncoding = 4; lastKnownFileType = sourcecode.c.objc; path = "UIProgressView+AFNetworking.m"; sourceTree = "<group>"; };
		9543C1CA1F4FC10600345317 /* UIRefreshControl+AFNetworking.h */ = {isa = PBXFileReference; fileEncoding = 4; lastKnownFileType = sourcecode.c.h; path = "UIRefreshControl+AFNetworking.h"; sourceTree = "<group>"; };
		9543C1CB1F4FC10600345317 /* UIRefreshControl+AFNetworking.m */ = {isa = PBXFileReference; fileEncoding = 4; lastKnownFileType = sourcecode.c.objc; path = "UIRefreshControl+AFNetworking.m"; sourceTree = "<group>"; };
		9543C1CC1F4FC10600345317 /* UIWebView+AFNetworking.h */ = {isa = PBXFileReference; fileEncoding = 4; lastKnownFileType = sourcecode.c.h; path = "UIWebView+AFNetworking.h"; sourceTree = "<group>"; };
		9543C1CD1F4FC10600345317 /* UIWebView+AFNetworking.m */ = {isa = PBXFileReference; fileEncoding = 4; lastKnownFileType = sourcecode.c.objc; path = "UIWebView+AFNetworking.m"; sourceTree = "<group>"; };
		9543C1E01F4FC12800345317 /* YYCache.h */ = {isa = PBXFileReference; fileEncoding = 4; lastKnownFileType = sourcecode.c.h; path = YYCache.h; sourceTree = "<group>"; };
		9543C1E11F4FC12800345317 /* YYCache.m */ = {isa = PBXFileReference; fileEncoding = 4; lastKnownFileType = sourcecode.c.objc; path = YYCache.m; sourceTree = "<group>"; };
		9543C1E21F4FC12800345317 /* YYDiskCache.h */ = {isa = PBXFileReference; fileEncoding = 4; lastKnownFileType = sourcecode.c.h; path = YYDiskCache.h; sourceTree = "<group>"; };
		9543C1E31F4FC12800345317 /* YYDiskCache.m */ = {isa = PBXFileReference; fileEncoding = 4; lastKnownFileType = sourcecode.c.objc; path = YYDiskCache.m; sourceTree = "<group>"; };
		9543C1E41F4FC12800345317 /* YYKVStorage.h */ = {isa = PBXFileReference; fileEncoding = 4; lastKnownFileType = sourcecode.c.h; path = YYKVStorage.h; sourceTree = "<group>"; };
		9543C1E51F4FC12800345317 /* YYKVStorage.m */ = {isa = PBXFileReference; fileEncoding = 4; lastKnownFileType = sourcecode.c.objc; path = YYKVStorage.m; sourceTree = "<group>"; };
		9543C1E61F4FC12800345317 /* YYMemoryCache.h */ = {isa = PBXFileReference; fileEncoding = 4; lastKnownFileType = sourcecode.c.h; path = YYMemoryCache.h; sourceTree = "<group>"; };
		9543C1E71F4FC12800345317 /* YYMemoryCache.m */ = {isa = PBXFileReference; fileEncoding = 4; lastKnownFileType = sourcecode.c.objc; path = YYMemoryCache.m; sourceTree = "<group>"; };
		9543C1ED1F4FC39700345317 /* Header.h */ = {isa = PBXFileReference; lastKnownFileType = sourcecode.c.h; path = Header.h; sourceTree = "<group>"; };
		9543C1EF1F4FC44E00345317 /* libsqlite3.tbd */ = {isa = PBXFileReference; lastKnownFileType = "sourcecode.text-based-dylib-definition"; name = libsqlite3.tbd; path = usr/lib/libsqlite3.tbd; sourceTree = SDKROOT; };
		956D12241F62488400D3BF39 /* NSBundle+TZImagePicker.h */ = {isa = PBXFileReference; fileEncoding = 4; lastKnownFileType = sourcecode.c.h; path = "NSBundle+TZImagePicker.h"; sourceTree = "<group>"; };
		956D12251F62488400D3BF39 /* NSBundle+TZImagePicker.m */ = {isa = PBXFileReference; fileEncoding = 4; lastKnownFileType = sourcecode.c.objc; path = "NSBundle+TZImagePicker.m"; sourceTree = "<group>"; };
		956D12261F62488400D3BF39 /* TZAssetCell.h */ = {isa = PBXFileReference; fileEncoding = 4; lastKnownFileType = sourcecode.c.h; path = TZAssetCell.h; sourceTree = "<group>"; };
		956D12271F62488400D3BF39 /* TZAssetCell.m */ = {isa = PBXFileReference; fileEncoding = 4; lastKnownFileType = sourcecode.c.objc; path = TZAssetCell.m; sourceTree = "<group>"; };
		956D12281F62488400D3BF39 /* TZAssetModel.h */ = {isa = PBXFileReference; fileEncoding = 4; lastKnownFileType = sourcecode.c.h; path = TZAssetModel.h; sourceTree = "<group>"; };
		956D12291F62488400D3BF39 /* TZAssetModel.m */ = {isa = PBXFileReference; fileEncoding = 4; lastKnownFileType = sourcecode.c.objc; path = TZAssetModel.m; sourceTree = "<group>"; };
		956D122A1F62488400D3BF39 /* TZGifPhotoPreviewController.h */ = {isa = PBXFileReference; fileEncoding = 4; lastKnownFileType = sourcecode.c.h; path = TZGifPhotoPreviewController.h; sourceTree = "<group>"; };
		956D122B1F62488400D3BF39 /* TZGifPhotoPreviewController.m */ = {isa = PBXFileReference; fileEncoding = 4; lastKnownFileType = sourcecode.c.objc; path = TZGifPhotoPreviewController.m; sourceTree = "<group>"; };
		956D122C1F62488400D3BF39 /* TZImageCropManager.h */ = {isa = PBXFileReference; fileEncoding = 4; lastKnownFileType = sourcecode.c.h; path = TZImageCropManager.h; sourceTree = "<group>"; };
		956D122D1F62488400D3BF39 /* TZImageCropManager.m */ = {isa = PBXFileReference; fileEncoding = 4; lastKnownFileType = sourcecode.c.objc; path = TZImageCropManager.m; sourceTree = "<group>"; };
		956D122E1F62488400D3BF39 /* TZImageManager.h */ = {isa = PBXFileReference; fileEncoding = 4; lastKnownFileType = sourcecode.c.h; path = TZImageManager.h; sourceTree = "<group>"; };
		956D122F1F62488400D3BF39 /* TZImageManager.m */ = {isa = PBXFileReference; fileEncoding = 4; lastKnownFileType = sourcecode.c.objc; path = TZImageManager.m; sourceTree = "<group>"; };
		956D12301F62488400D3BF39 /* TZImagePickerController.bundle */ = {isa = PBXFileReference; lastKnownFileType = "wrapper.plug-in"; path = TZImagePickerController.bundle; sourceTree = "<group>"; };
		956D12311F62488400D3BF39 /* TZImagePickerController.h */ = {isa = PBXFileReference; fileEncoding = 4; lastKnownFileType = sourcecode.c.h; path = TZImagePickerController.h; sourceTree = "<group>"; };
		956D12321F62488400D3BF39 /* TZImagePickerController.m */ = {isa = PBXFileReference; fileEncoding = 4; lastKnownFileType = sourcecode.c.objc; path = TZImagePickerController.m; sourceTree = "<group>"; };
		956D12331F62488400D3BF39 /* TZPhotoPickerController.h */ = {isa = PBXFileReference; fileEncoding = 4; lastKnownFileType = sourcecode.c.h; path = TZPhotoPickerController.h; sourceTree = "<group>"; };
		956D12341F62488400D3BF39 /* TZPhotoPickerController.m */ = {isa = PBXFileReference; fileEncoding = 4; lastKnownFileType = sourcecode.c.objc; path = TZPhotoPickerController.m; sourceTree = "<group>"; };
		956D12351F62488400D3BF39 /* TZPhotoPreviewCell.h */ = {isa = PBXFileReference; fileEncoding = 4; lastKnownFileType = sourcecode.c.h; path = TZPhotoPreviewCell.h; sourceTree = "<group>"; };
		956D12361F62488400D3BF39 /* TZPhotoPreviewCell.m */ = {isa = PBXFileReference; fileEncoding = 4; lastKnownFileType = sourcecode.c.objc; path = TZPhotoPreviewCell.m; sourceTree = "<group>"; };
		956D12371F62488400D3BF39 /* TZPhotoPreviewController.h */ = {isa = PBXFileReference; fileEncoding = 4; lastKnownFileType = sourcecode.c.h; path = TZPhotoPreviewController.h; sourceTree = "<group>"; };
		956D12381F62488400D3BF39 /* TZPhotoPreviewController.m */ = {isa = PBXFileReference; fileEncoding = 4; lastKnownFileType = sourcecode.c.objc; path = TZPhotoPreviewController.m; sourceTree = "<group>"; };
		956D12391F62488400D3BF39 /* TZProgressView.h */ = {isa = PBXFileReference; fileEncoding = 4; lastKnownFileType = sourcecode.c.h; path = TZProgressView.h; sourceTree = "<group>"; };
		956D123A1F62488400D3BF39 /* TZProgressView.m */ = {isa = PBXFileReference; fileEncoding = 4; lastKnownFileType = sourcecode.c.objc; path = TZProgressView.m; sourceTree = "<group>"; };
		956D123B1F62488400D3BF39 /* TZVideoPlayerController.h */ = {isa = PBXFileReference; fileEncoding = 4; lastKnownFileType = sourcecode.c.h; path = TZVideoPlayerController.h; sourceTree = "<group>"; };
		956D123C1F62488400D3BF39 /* TZVideoPlayerController.m */ = {isa = PBXFileReference; fileEncoding = 4; lastKnownFileType = sourcecode.c.objc; path = TZVideoPlayerController.m; sourceTree = "<group>"; };
		956D123D1F62488400D3BF39 /* UIView+Layout.h */ = {isa = PBXFileReference; fileEncoding = 4; lastKnownFileType = sourcecode.c.h; path = "UIView+Layout.h"; sourceTree = "<group>"; };
		956D123E1F62488400D3BF39 /* UIView+Layout.m */ = {isa = PBXFileReference; fileEncoding = 4; lastKnownFileType = sourcecode.c.objc; path = "UIView+Layout.m"; sourceTree = "<group>"; };
		95D37B511F4FBC6800A609BD /* AFNetWorking.app */ = {isa = PBXFileReference; explicitFileType = wrapper.application; includeInIndex = 0; path = AFNetWorking.app; sourceTree = BUILT_PRODUCTS_DIR; };
		95D37B551F4FBC6900A609BD /* main.m */ = {isa = PBXFileReference; lastKnownFileType = sourcecode.c.objc; path = main.m; sourceTree = "<group>"; };
		95D37B571F4FBC6900A609BD /* AppDelegate.h */ = {isa = PBXFileReference; lastKnownFileType = sourcecode.c.h; path = AppDelegate.h; sourceTree = "<group>"; };
		95D37B581F4FBC6900A609BD /* AppDelegate.m */ = {isa = PBXFileReference; lastKnownFileType = sourcecode.c.objc; path = AppDelegate.m; sourceTree = "<group>"; };
		95D37B5A1F4FBC6900A609BD /* ViewController.h */ = {isa = PBXFileReference; lastKnownFileType = sourcecode.c.h; path = ViewController.h; sourceTree = "<group>"; };
		95D37B5B1F4FBC6900A609BD /* ViewController.m */ = {isa = PBXFileReference; lastKnownFileType = sourcecode.c.objc; path = ViewController.m; sourceTree = "<group>"; };
		95D37B5E1F4FBC6900A609BD /* Base */ = {isa = PBXFileReference; lastKnownFileType = file.storyboard; name = Base; path = Base.lproj/Main.storyboard; sourceTree = "<group>"; };
		95D37B601F4FBC6900A609BD /* Assets.xcassets */ = {isa = PBXFileReference; lastKnownFileType = folder.assetcatalog; path = Assets.xcassets; sourceTree = "<group>"; };
		95D37B631F4FBC6900A609BD /* Base */ = {isa = PBXFileReference; lastKnownFileType = file.storyboard; name = Base; path = Base.lproj/LaunchScreen.storyboard; sourceTree = "<group>"; };
		95D37B651F4FBC6900A609BD /* Info.plist */ = {isa = PBXFileReference; lastKnownFileType = text.plist.xml; path = Info.plist; sourceTree = "<group>"; };
		95D37B6A1F4FBC6900A609BD /* AFNetWorkingTests.xctest */ = {isa = PBXFileReference; explicitFileType = wrapper.cfbundle; includeInIndex = 0; path = AFNetWorkingTests.xctest; sourceTree = BUILT_PRODUCTS_DIR; };
		95D37B6E1F4FBC6900A609BD /* AFNetWorkingTests.m */ = {isa = PBXFileReference; lastKnownFileType = sourcecode.c.objc; path = AFNetWorkingTests.m; sourceTree = "<group>"; };
		95D37B701F4FBC6900A609BD /* Info.plist */ = {isa = PBXFileReference; lastKnownFileType = text.plist.xml; path = Info.plist; sourceTree = "<group>"; };
		95D37B751F4FBC6900A609BD /* AFNetWorkingUITests.xctest */ = {isa = PBXFileReference; explicitFileType = wrapper.cfbundle; includeInIndex = 0; path = AFNetWorkingUITests.xctest; sourceTree = BUILT_PRODUCTS_DIR; };
		95D37B791F4FBC6900A609BD /* AFNetWorkingUITests.m */ = {isa = PBXFileReference; lastKnownFileType = sourcecode.c.objc; path = AFNetWorkingUITests.m; sourceTree = "<group>"; };
		95D37B7B1F4FBC6900A609BD /* Info.plist */ = {isa = PBXFileReference; lastKnownFileType = text.plist.xml; path = Info.plist; sourceTree = "<group>"; };
/* End PBXFileReference section */

/* Begin PBXFrameworksBuildPhase section */
		95D37B4E1F4FBC6800A609BD /* Frameworks */ = {
			isa = PBXFrameworksBuildPhase;
			buildActionMask = 2147483647;
			files = (
				9543C1F01F4FC44E00345317 /* libsqlite3.tbd in Frameworks */,
			);
			runOnlyForDeploymentPostprocessing = 0;
		};
		95D37B671F4FBC6900A609BD /* Frameworks */ = {
			isa = PBXFrameworksBuildPhase;
			buildActionMask = 2147483647;
			files = (
			);
			runOnlyForDeploymentPostprocessing = 0;
		};
		95D37B721F4FBC6900A609BD /* Frameworks */ = {
			isa = PBXFrameworksBuildPhase;
			buildActionMask = 2147483647;
			files = (
			);
			runOnlyForDeploymentPostprocessing = 0;
		};
/* End PBXFrameworksBuildPhase section */

/* Begin PBXGroup section */
		9543C15A1F4FBE6900345317 /* MD5 */ = {
			isa = PBXGroup;
			children = (
				9543C15B1F4FBE6900345317 /* MD5Tool.h */,
				9543C15C1F4FBE6900345317 /* MD5Tool.m */,
			);
			path = MD5;
			sourceTree = "<group>";
		};
		9543C15D1F4FBE6900345317 /* NetWorkTool */ = {
			isa = PBXGroup;
			children = (
				9543C15E1F4FBE6900345317 /* HTTPCache.h */,
				9543C15F1F4FBE6900345317 /* HTTPCache.m */,
				9543C1601F4FBE6900345317 /* HttpTool.h */,
				9543C1611F4FBE6900345317 /* HttpTool.m */,
			);
			path = NetWorkTool;
			sourceTree = "<group>";
		};
		9543C1651F4FBE7000345317 /* YQImageCompressor */ = {
			isa = PBXGroup;
			children = (
				9543C1661F4FBE7000345317 /* YQImageCompressTool.h */,
				9543C1671F4FBE7000345317 /* YQImageCompressTool.m */,
			);
			path = YQImageCompressor;
			sourceTree = "<group>";
		};
		9543C1691F4FBF8100345317 /* Model */ = {
			isa = PBXGroup;
			children = (
				9543C16A1F4FBFB300345317 /* PhotoModel.h */,
				9543C16B1F4FBFB300345317 /* PhotoModel.m */,
			);
			path = Model;
			sourceTree = "<group>";
		};
		9543C1A41F4FC04E00345317 /* Lib */ = {
			isa = PBXGroup;
			children = (
				956D12231F62488400D3BF39 /* TZImagePickerController */,
				9543C1DF1F4FC12800345317 /* YYCache */,
				9543C1A81F4FC10600345317 /* AFNetworking */,
			);
			path = Lib;
			sourceTree = "<group>";
		};
		9543C1A81F4FC10600345317 /* AFNetworking */ = {
			isa = PBXGroup;
			children = (
				9543C1A91F4FC10600345317 /* AFNetworking */,
				9543C1B71F4FC10600345317 /* LICENSE */,
				9543C1B81F4FC10600345317 /* README.md */,
				9543C1B91F4FC10600345317 /* UIKit+AFNetworking */,
			);
			path = AFNetworking;
			sourceTree = "<group>";
		};
		9543C1A91F4FC10600345317 /* AFNetworking */ = {
			isa = PBXGroup;
			children = (
				9543C1AA1F4FC10600345317 /* AFHTTPSessionManager.h */,
				9543C1AB1F4FC10600345317 /* AFHTTPSessionManager.m */,
				9543C1AC1F4FC10600345317 /* AFNetworking.h */,
				9543C1AD1F4FC10600345317 /* AFNetworkReachabilityManager.h */,
				9543C1AE1F4FC10600345317 /* AFNetworkReachabilityManager.m */,
				9543C1AF1F4FC10600345317 /* AFSecurityPolicy.h */,
				9543C1B01F4FC10600345317 /* AFSecurityPolicy.m */,
				9543C1B11F4FC10600345317 /* AFURLRequestSerialization.h */,
				9543C1B21F4FC10600345317 /* AFURLRequestSerialization.m */,
				9543C1B31F4FC10600345317 /* AFURLResponseSerialization.h */,
				9543C1B41F4FC10600345317 /* AFURLResponseSerialization.m */,
				9543C1B51F4FC10600345317 /* AFURLSessionManager.h */,
				9543C1B61F4FC10600345317 /* AFURLSessionManager.m */,
			);
			path = AFNetworking;
			sourceTree = "<group>";
		};
		9543C1B91F4FC10600345317 /* UIKit+AFNetworking */ = {
			isa = PBXGroup;
			children = (
				9543C1BA1F4FC10600345317 /* AFAutoPurgingImageCache.h */,
				9543C1BB1F4FC10600345317 /* AFAutoPurgingImageCache.m */,
				9543C1BC1F4FC10600345317 /* AFImageDownloader.h */,
				9543C1BD1F4FC10600345317 /* AFImageDownloader.m */,
				9543C1BE1F4FC10600345317 /* AFNetworkActivityIndicatorManager.h */,
				9543C1BF1F4FC10600345317 /* AFNetworkActivityIndicatorManager.m */,
				9543C1C01F4FC10600345317 /* UIActivityIndicatorView+AFNetworking.h */,
				9543C1C11F4FC10600345317 /* UIActivityIndicatorView+AFNetworking.m */,
				9543C1C21F4FC10600345317 /* UIButton+AFNetworking.h */,
				9543C1C31F4FC10600345317 /* UIButton+AFNetworking.m */,
				9543C1C41F4FC10600345317 /* UIImage+AFNetworking.h */,
				9543C1C51F4FC10600345317 /* UIImageView+AFNetworking.h */,
				9543C1C61F4FC10600345317 /* UIImageView+AFNetworking.m */,
				9543C1C71F4FC10600345317 /* UIKit+AFNetworking.h */,
				9543C1C81F4FC10600345317 /* UIProgressView+AFNetworking.h */,
				9543C1C91F4FC10600345317 /* UIProgressView+AFNetworking.m */,
				9543C1CA1F4FC10600345317 /* UIRefreshControl+AFNetworking.h */,
				9543C1CB1F4FC10600345317 /* UIRefreshControl+AFNetworking.m */,
				9543C1CC1F4FC10600345317 /* UIWebView+AFNetworking.h */,
				9543C1CD1F4FC10600345317 /* UIWebView+AFNetworking.m */,
			);
			path = "UIKit+AFNetworking";
			sourceTree = "<group>";
		};
		9543C1DF1F4FC12800345317 /* YYCache */ = {
			isa = PBXGroup;
			children = (
				9543C1E01F4FC12800345317 /* YYCache.h */,
				9543C1E11F4FC12800345317 /* YYCache.m */,
				9543C1E21F4FC12800345317 /* YYDiskCache.h */,
				9543C1E31F4FC12800345317 /* YYDiskCache.m */,
				9543C1E41F4FC12800345317 /* YYKVStorage.h */,
				9543C1E51F4FC12800345317 /* YYKVStorage.m */,
				9543C1E61F4FC12800345317 /* YYMemoryCache.h */,
				9543C1E71F4FC12800345317 /* YYMemoryCache.m */,
			);
			name = YYCache;
			path = AFNetworking/YYCache;
			sourceTree = "<group>";
		};
		9543C1EC1F4FC25F00345317 /* Other */ = {
			isa = PBXGroup;
			children = (
				9543C1ED1F4FC39700345317 /* Header.h */,
			);
			path = Other;
			sourceTree = "<group>";
		};
		9543C1EE1F4FC44E00345317 /* Frameworks */ = {
			isa = PBXGroup;
			children = (
				9543C1EF1F4FC44E00345317 /* libsqlite3.tbd */,
			);
			name = Frameworks;
			sourceTree = "<group>";
		};
		956D12231F62488400D3BF39 /* TZImagePickerController */ = {
			isa = PBXGroup;
			children = (
				956D12241F62488400D3BF39 /* NSBundle+TZImagePicker.h */,
				956D12251F62488400D3BF39 /* NSBundle+TZImagePicker.m */,
				956D12261F62488400D3BF39 /* TZAssetCell.h */,
				956D12271F62488400D3BF39 /* TZAssetCell.m */,
				956D12281F62488400D3BF39 /* TZAssetModel.h */,
				956D12291F62488400D3BF39 /* TZAssetModel.m */,
				956D122A1F62488400D3BF39 /* TZGifPhotoPreviewController.h */,
				956D122B1F62488400D3BF39 /* TZGifPhotoPreviewController.m */,
				956D122C1F62488400D3BF39 /* TZImageCropManager.h */,
				956D122D1F62488400D3BF39 /* TZImageCropManager.m */,
				956D122E1F62488400D3BF39 /* TZImageManager.h */,
				956D122F1F62488400D3BF39 /* TZImageManager.m */,
				956D12301F62488400D3BF39 /* TZImagePickerController.bundle */,
				956D12311F62488400D3BF39 /* TZImagePickerController.h */,
				956D12321F62488400D3BF39 /* TZImagePickerController.m */,
				956D12331F62488400D3BF39 /* TZPhotoPickerController.h */,
				956D12341F62488400D3BF39 /* TZPhotoPickerController.m */,
				956D12351F62488400D3BF39 /* TZPhotoPreviewCell.h */,
				956D12361F62488400D3BF39 /* TZPhotoPreviewCell.m */,
				956D12371F62488400D3BF39 /* TZPhotoPreviewController.h */,
				956D12381F62488400D3BF39 /* TZPhotoPreviewController.m */,
				956D12391F62488400D3BF39 /* TZProgressView.h */,
				956D123A1F62488400D3BF39 /* TZProgressView.m */,
				956D123B1F62488400D3BF39 /* TZVideoPlayerController.h */,
				956D123C1F62488400D3BF39 /* TZVideoPlayerController.m */,
				956D123D1F62488400D3BF39 /* UIView+Layout.h */,
				956D123E1F62488400D3BF39 /* UIView+Layout.m */,
			);
			path = TZImagePickerController;
			sourceTree = "<group>";
		};
		95D37B481F4FBC6800A609BD = {
			isa = PBXGroup;
			children = (
				95D37B531F4FBC6800A609BD /* AFNetWorking */,
				95D37B6D1F4FBC6900A609BD /* AFNetWorkingTests */,
				95D37B781F4FBC6900A609BD /* AFNetWorkingUITests */,
				95D37B521F4FBC6800A609BD /* Products */,
				9543C1EE1F4FC44E00345317 /* Frameworks */,
			);
			sourceTree = "<group>";
		};
		95D37B521F4FBC6800A609BD /* Products */ = {
			isa = PBXGroup;
			children = (
				95D37B511F4FBC6800A609BD /* AFNetWorking.app */,
				95D37B6A1F4FBC6900A609BD /* AFNetWorkingTests.xctest */,
				95D37B751F4FBC6900A609BD /* AFNetWorkingUITests.xctest */,
			);
			name = Products;
			sourceTree = "<group>";
		};
		95D37B531F4FBC6800A609BD /* AFNetWorking */ = {
			isa = PBXGroup;
			children = (
				9543C1EC1F4FC25F00345317 /* Other */,
				9543C1A41F4FC04E00345317 /* Lib */,
				9543C1691F4FBF8100345317 /* Model */,
				9543C1651F4FBE7000345317 /* YQImageCompressor */,
				9543C15A1F4FBE6900345317 /* MD5 */,
				9543C15D1F4FBE6900345317 /* NetWorkTool */,
				95D37B571F4FBC6900A609BD /* AppDelegate.h */,
				95D37B581F4FBC6900A609BD /* AppDelegate.m */,
				95D37B5A1F4FBC6900A609BD /* ViewController.h */,
				95D37B5B1F4FBC6900A609BD /* ViewController.m */,
				95D37B5D1F4FBC6900A609BD /* Main.storyboard */,
				95D37B601F4FBC6900A609BD /* Assets.xcassets */,
				95D37B621F4FBC6900A609BD /* LaunchScreen.storyboard */,
				95D37B651F4FBC6900A609BD /* Info.plist */,
				95D37B541F4FBC6900A609BD /* Supporting Files */,
			);
			path = AFNetWorking;
			sourceTree = "<group>";
		};
		95D37B541F4FBC6900A609BD /* Supporting Files */ = {
			isa = PBXGroup;
			children = (
				95D37B551F4FBC6900A609BD /* main.m */,
			);
			name = "Supporting Files";
			sourceTree = "<group>";
		};
		95D37B6D1F4FBC6900A609BD /* AFNetWorkingTests */ = {
			isa = PBXGroup;
			children = (
				95D37B6E1F4FBC6900A609BD /* AFNetWorkingTests.m */,
				95D37B701F4FBC6900A609BD /* Info.plist */,
			);
			path = AFNetWorkingTests;
			sourceTree = "<group>";
		};
		95D37B781F4FBC6900A609BD /* AFNetWorkingUITests */ = {
			isa = PBXGroup;
			children = (
				95D37B791F4FBC6900A609BD /* AFNetWorkingUITests.m */,
				95D37B7B1F4FBC6900A609BD /* Info.plist */,
			);
			path = AFNetWorkingUITests;
			sourceTree = "<group>";
		};
/* End PBXGroup section */

/* Begin PBXNativeTarget section */
		95D37B501F4FBC6800A609BD /* AFNetWorking */ = {
			isa = PBXNativeTarget;
			buildConfigurationList = 95D37B7E1F4FBC6900A609BD /* Build configuration list for PBXNativeTarget "AFNetWorking" */;
			buildPhases = (
				95D37B4D1F4FBC6800A609BD /* Sources */,
				95D37B4E1F4FBC6800A609BD /* Frameworks */,
				95D37B4F1F4FBC6800A609BD /* Resources */,
			);
			buildRules = (
			);
			dependencies = (
			);
			name = AFNetWorking;
			productName = AFNetWorking;
			productReference = 95D37B511F4FBC6800A609BD /* AFNetWorking.app */;
			productType = "com.apple.product-type.application";
		};
		95D37B691F4FBC6900A609BD /* AFNetWorkingTests */ = {
			isa = PBXNativeTarget;
			buildConfigurationList = 95D37B811F4FBC6900A609BD /* Build configuration list for PBXNativeTarget "AFNetWorkingTests" */;
			buildPhases = (
				95D37B661F4FBC6900A609BD /* Sources */,
				95D37B671F4FBC6900A609BD /* Frameworks */,
				95D37B681F4FBC6900A609BD /* Resources */,
			);
			buildRules = (
			);
			dependencies = (
				95D37B6C1F4FBC6900A609BD /* PBXTargetDependency */,
			);
			name = AFNetWorkingTests;
			productName = AFNetWorkingTests;
			productReference = 95D37B6A1F4FBC6900A609BD /* AFNetWorkingTests.xctest */;
			productType = "com.apple.product-type.bundle.unit-test";
		};
		95D37B741F4FBC6900A609BD /* AFNetWorkingUITests */ = {
			isa = PBXNativeTarget;
			buildConfigurationList = 95D37B841F4FBC6900A609BD /* Build configuration list for PBXNativeTarget "AFNetWorkingUITests" */;
			buildPhases = (
				95D37B711F4FBC6900A609BD /* Sources */,
				95D37B721F4FBC6900A609BD /* Frameworks */,
				95D37B731F4FBC6900A609BD /* Resources */,
			);
			buildRules = (
			);
			dependencies = (
				95D37B771F4FBC6900A609BD /* PBXTargetDependency */,
			);
			name = AFNetWorkingUITests;
			productName = AFNetWorkingUITests;
			productReference = 95D37B751F4FBC6900A609BD /* AFNetWorkingUITests.xctest */;
			productType = "com.apple.product-type.bundle.ui-testing";
		};
/* End PBXNativeTarget section */

/* Begin PBXProject section */
		95D37B491F4FBC6800A609BD /* Project object */ = {
			isa = PBXProject;
			attributes = {
				LastUpgradeCheck = 0810;
				ORGANIZATIONNAME = zjq;
				TargetAttributes = {
					95D37B501F4FBC6800A609BD = {
						CreatedOnToolsVersion = 8.1;
						ProvisioningStyle = Manual;
					};
					95D37B691F4FBC6900A609BD = {
						CreatedOnToolsVersion = 8.1;
						ProvisioningStyle = Automatic;
						TestTargetID = 95D37B501F4FBC6800A609BD;
					};
					95D37B741F4FBC6900A609BD = {
						CreatedOnToolsVersion = 8.1;
						ProvisioningStyle = Automatic;
						TestTargetID = 95D37B501F4FBC6800A609BD;
					};
				};
			};
			buildConfigurationList = 95D37B4C1F4FBC6800A609BD /* Build configuration list for PBXProject "AFNetWorking" */;
			compatibilityVersion = "Xcode 3.2";
			developmentRegion = English;
			hasScannedForEncodings = 0;
			knownRegions = (
				en,
				Base,
			);
			mainGroup = 95D37B481F4FBC6800A609BD;
			productRefGroup = 95D37B521F4FBC6800A609BD /* Products */;
			projectDirPath = "";
			projectRoot = "";
			targets = (
				95D37B501F4FBC6800A609BD /* AFNetWorking */,
				95D37B691F4FBC6900A609BD /* AFNetWorkingTests */,
				95D37B741F4FBC6900A609BD /* AFNetWorkingUITests */,
			);
		};
/* End PBXProject section */

/* Begin PBXResourcesBuildPhase section */
		95D37B4F1F4FBC6800A609BD /* Resources */ = {
			isa = PBXResourcesBuildPhase;
			buildActionMask = 2147483647;
			files = (
				95D37B641F4FBC6900A609BD /* LaunchScreen.storyboard in Resources */,
				95D37B611F4FBC6900A609BD /* Assets.xcassets in Resources */,
				956D12451F62488400D3BF39 /* TZImagePickerController.bundle in Resources */,
				9543C1D41F4FC10600345317 /* LICENSE in Resources */,
				95D37B5F1F4FBC6900A609BD /* Main.storyboard in Resources */,
			);
			runOnlyForDeploymentPostprocessing = 0;
		};
		95D37B681F4FBC6900A609BD /* Resources */ = {
			isa = PBXResourcesBuildPhase;
			buildActionMask = 2147483647;
			files = (
			);
			runOnlyForDeploymentPostprocessing = 0;
		};
		95D37B731F4FBC6900A609BD /* Resources */ = {
			isa = PBXResourcesBuildPhase;
			buildActionMask = 2147483647;
			files = (
			);
			runOnlyForDeploymentPostprocessing = 0;
		};
/* End PBXResourcesBuildPhase section */

/* Begin PBXSourcesBuildPhase section */
		95D37B4D1F4FBC6800A609BD /* Sources */ = {
			isa = PBXSourcesBuildPhase;
			buildActionMask = 2147483647;
			files = (
				9543C1DD1F4FC10600345317 /* UIRefreshControl+AFNetworking.m in Sources */,
				956D12481F62488400D3BF39 /* TZPhotoPreviewCell.m in Sources */,
				9543C1621F4FBE6900345317 /* MD5Tool.m in Sources */,
				95D37B5C1F4FBC6900A609BD /* ViewController.m in Sources */,
				956D123F1F62488400D3BF39 /* NSBundle+TZImagePicker.m in Sources */,
				9543C1DC1F4FC10600345317 /* UIProgressView+AFNetworking.m in Sources */,
				9543C1CF1F4FC10600345317 /* AFNetworkReachabilityManager.m in Sources */,
				9543C1EB1F4FC12800345317 /* YYMemoryCache.m in Sources */,
				956D124A1F62488400D3BF39 /* TZProgressView.m in Sources */,
				9543C1D71F4FC10600345317 /* AFImageDownloader.m in Sources */,
				9543C1D31F4FC10600345317 /* AFURLSessionManager.m in Sources */,
				9543C1D11F4FC10600345317 /* AFURLRequestSerialization.m in Sources */,
				9543C1DA1F4FC10600345317 /* UIButton+AFNetworking.m in Sources */,
				9543C16C1F4FBFB300345317 /* PhotoModel.m in Sources */,
				956D12491F62488400D3BF39 /* TZPhotoPreviewController.m in Sources */,
				956D12421F62488400D3BF39 /* TZGifPhotoPreviewController.m in Sources */,
				9543C1D21F4FC10600345317 /* AFURLResponseSerialization.m in Sources */,
				9543C1D91F4FC10600345317 /* UIActivityIndicatorView+AFNetworking.m in Sources */,
				9543C1EA1F4FC12800345317 /* YYKVStorage.m in Sources */,
				9543C1D81F4FC10600345317 /* AFNetworkActivityIndicatorManager.m in Sources */,
				9543C1D61F4FC10600345317 /* AFAutoPurgingImageCache.m in Sources */,
				9543C1CE1F4FC10600345317 /* AFHTTPSessionManager.m in Sources */,
				9543C1631F4FBE6900345317 /* HTTPCache.m in Sources */,
				956D12411F62488400D3BF39 /* TZAssetModel.m in Sources */,
				956D12441F62488400D3BF39 /* TZImageManager.m in Sources */,
				95D37B591F4FBC6900A609BD /* AppDelegate.m in Sources */,
				95D37B561F4FBC6900A609BD /* main.m in Sources */,
				956D12461F62488400D3BF39 /* TZImagePickerController.m in Sources */,
				9543C1641F4FBE6900345317 /* HttpTool.m in Sources */,
				9543C1D51F4FC10600345317 /* README.md in Sources */,
				9543C1DE1F4FC10600345317 /* UIWebView+AFNetworking.m in Sources */,
				9543C1D01F4FC10600345317 /* AFSecurityPolicy.m in Sources */,
				9543C1DB1F4FC10600345317 /* UIImageView+AFNetworking.m in Sources */,
				956D12471F62488400D3BF39 /* TZPhotoPickerController.m in Sources */,
				956D124C1F62488400D3BF39 /* UIView+Layout.m in Sources */,
				956D124B1F62488400D3BF39 /* TZVideoPlayerController.m in Sources */,
				956D12401F62488400D3BF39 /* TZAssetCell.m in Sources */,
				9543C1681F4FBE7000345317 /* YQImageCompressTool.m in Sources */,
				956D12431F62488400D3BF39 /* TZImageCropManager.m in Sources */,
				9543C1E81F4FC12800345317 /* YYCache.m in Sources */,
				9543C1E91F4FC12800345317 /* YYDiskCache.m in Sources */,
			);
			runOnlyForDeploymentPostprocessing = 0;
		};
		95D37B661F4FBC6900A609BD /* Sources */ = {
			isa = PBXSourcesBuildPhase;
			buildActionMask = 2147483647;
			files = (
				95D37B6F1F4FBC6900A609BD /* AFNetWorkingTests.m in Sources */,
			);
			runOnlyForDeploymentPostprocessing = 0;
		};
		95D37B711F4FBC6900A609BD /* Sources */ = {
			isa = PBXSourcesBuildPhase;
			buildActionMask = 2147483647;
			files = (
				95D37B7A1F4FBC6900A609BD /* AFNetWorkingUITests.m in Sources */,
			);
			runOnlyForDeploymentPostprocessing = 0;
		};
/* End PBXSourcesBuildPhase section */

/* Begin PBXTargetDependency section */
		95D37B6C1F4FBC6900A609BD /* PBXTargetDependency */ = {
			isa = PBXTargetDependency;
			target = 95D37B501F4FBC6800A609BD /* AFNetWorking */;
			targetProxy = 95D37B6B1F4FBC6900A609BD /* PBXContainerItemProxy */;
		};
		95D37B771F4FBC6900A609BD /* PBXTargetDependency */ = {
			isa = PBXTargetDependency;
			target = 95D37B501F4FBC6800A609BD /* AFNetWorking */;
			targetProxy = 95D37B761F4FBC6900A609BD /* PBXContainerItemProxy */;
		};
/* End PBXTargetDependency section */

/* Begin PBXVariantGroup section */
		95D37B5D1F4FBC6900A609BD /* Main.storyboard */ = {
			isa = PBXVariantGroup;
			children = (
				95D37B5E1F4FBC6900A609BD /* Base */,
			);
			name = Main.storyboard;
			sourceTree = "<group>";
		};
		95D37B621F4FBC6900A609BD /* LaunchScreen.storyboard */ = {
			isa = PBXVariantGroup;
			children = (
				95D37B631F4FBC6900A609BD /* Base */,
			);
			name = LaunchScreen.storyboard;
			sourceTree = "<group>";
		};
/* End PBXVariantGroup section */

/* Begin XCBuildConfiguration section */
		95D37B7C1F4FBC6900A609BD /* Debug */ = {
			isa = XCBuildConfiguration;
			buildSettings = {
				ALWAYS_SEARCH_USER_PATHS = NO;
				CLANG_ANALYZER_NONNULL = YES;
				CLANG_CXX_LANGUAGE_STANDARD = "gnu++0x";
				CLANG_CXX_LIBRARY = "libc++";
				CLANG_ENABLE_MODULES = YES;
				CLANG_ENABLE_OBJC_ARC = YES;
				CLANG_WARN_BOOL_CONVERSION = YES;
				CLANG_WARN_CONSTANT_CONVERSION = YES;
				CLANG_WARN_DIRECT_OBJC_ISA_USAGE = YES_ERROR;
				CLANG_WARN_DOCUMENTATION_COMMENTS = YES;
				CLANG_WARN_EMPTY_BODY = YES;
				CLANG_WARN_ENUM_CONVERSION = YES;
				CLANG_WARN_INFINITE_RECURSION = YES;
				CLANG_WARN_INT_CONVERSION = YES;
				CLANG_WARN_OBJC_ROOT_CLASS = YES_ERROR;
				CLANG_WARN_SUSPICIOUS_MOVES = YES;
				CLANG_WARN_UNREACHABLE_CODE = YES;
				CLANG_WARN__DUPLICATE_METHOD_MATCH = YES;
				"CODE_SIGN_IDENTITY[sdk=iphoneos*]" = "iPhone Developer";
				COPY_PHASE_STRIP = NO;
				DEBUG_INFORMATION_FORMAT = dwarf;
				ENABLE_STRICT_OBJC_MSGSEND = YES;
				ENABLE_TESTABILITY = YES;
				GCC_C_LANGUAGE_STANDARD = gnu99;
				GCC_DYNAMIC_NO_PIC = NO;
				GCC_NO_COMMON_BLOCKS = YES;
				GCC_OPTIMIZATION_LEVEL = 0;
				GCC_PREPROCESSOR_DEFINITIONS = (
					"DEBUG=1",
					"$(inherited)",
				);
				GCC_WARN_64_TO_32_BIT_CONVERSION = YES;
				GCC_WARN_ABOUT_RETURN_TYPE = YES_ERROR;
				GCC_WARN_UNDECLARED_SELECTOR = YES;
				GCC_WARN_UNINITIALIZED_AUTOS = YES_AGGRESSIVE;
				GCC_WARN_UNUSED_FUNCTION = YES;
				GCC_WARN_UNUSED_VARIABLE = YES;
				IPHONEOS_DEPLOYMENT_TARGET = 10.1;
				MTL_ENABLE_DEBUG_INFO = YES;
				ONLY_ACTIVE_ARCH = YES;
				SDKROOT = iphoneos;
			};
			name = Debug;
		};
		95D37B7D1F4FBC6900A609BD /* Release */ = {
			isa = XCBuildConfiguration;
			buildSettings = {
				ALWAYS_SEARCH_USER_PATHS = NO;
				CLANG_ANALYZER_NONNULL = YES;
				CLANG_CXX_LANGUAGE_STANDARD = "gnu++0x";
				CLANG_CXX_LIBRARY = "libc++";
				CLANG_ENABLE_MODULES = YES;
				CLANG_ENABLE_OBJC_ARC = YES;
				CLANG_WARN_BOOL_CONVERSION = YES;
				CLANG_WARN_CONSTANT_CONVERSION = YES;
				CLANG_WARN_DIRECT_OBJC_ISA_USAGE = YES_ERROR;
				CLANG_WARN_DOCUMENTATION_COMMENTS = YES;
				CLANG_WARN_EMPTY_BODY = YES;
				CLANG_WARN_ENUM_CONVERSION = YES;
				CLANG_WARN_INFINITE_RECURSION = YES;
				CLANG_WARN_INT_CONVERSION = YES;
				CLANG_WARN_OBJC_ROOT_CLASS = YES_ERROR;
				CLANG_WARN_SUSPICIOUS_MOVES = YES;
				CLANG_WARN_UNREACHABLE_CODE = YES;
				CLANG_WARN__DUPLICATE_METHOD_MATCH = YES;
				"CODE_SIGN_IDENTITY[sdk=iphoneos*]" = "iPhone Developer";
				COPY_PHASE_STRIP = NO;
				DEBUG_INFORMATION_FORMAT = "dwarf-with-dsym";
				ENABLE_NS_ASSERTIONS = NO;
				ENABLE_STRICT_OBJC_MSGSEND = YES;
				GCC_C_LANGUAGE_STANDARD = gnu99;
				GCC_NO_COMMON_BLOCKS = YES;
				GCC_WARN_64_TO_32_BIT_CONVERSION = YES;
				GCC_WARN_ABOUT_RETURN_TYPE = YES_ERROR;
				GCC_WARN_UNDECLARED_SELECTOR = YES;
				GCC_WARN_UNINITIALIZED_AUTOS = YES_AGGRESSIVE;
				GCC_WARN_UNUSED_FUNCTION = YES;
				GCC_WARN_UNUSED_VARIABLE = YES;
				IPHONEOS_DEPLOYMENT_TARGET = 10.1;
				MTL_ENABLE_DEBUG_INFO = NO;
				SDKROOT = iphoneos;
				VALIDATE_PRODUCT = YES;
			};
			name = Release;
		};
		95D37B7F1F4FBC6900A609BD /* Debug */ = {
			isa = XCBuildConfiguration;
			buildSettings = {
				ASSETCATALOG_COMPILER_APPICON_NAME = AppIcon;
				DEVELOPMENT_TEAM = "";
				INFOPLIST_FILE = AFNetWorking/Info.plist;
				IPHONEOS_DEPLOYMENT_TARGET = 8.0;
				LD_RUNPATH_SEARCH_PATHS = "$(inherited) @executable_path/Frameworks";
				PRODUCT_BUNDLE_IDENTIFIER = com.hong1943.AFNetWorking;
				PRODUCT_NAME = "$(TARGET_NAME)";
			};
			name = Debug;
		};
		95D37B801F4FBC6900A609BD /* Release */ = {
			isa = XCBuildConfiguration;
			buildSettings = {
				ASSETCATALOG_COMPILER_APPICON_NAME = AppIcon;
				DEVELOPMENT_TEAM = "";
				INFOPLIST_FILE = AFNetWorking/Info.plist;
				IPHONEOS_DEPLOYMENT_TARGET = 8.0;
				LD_RUNPATH_SEARCH_PATHS = "$(inherited) @executable_path/Frameworks";
				PRODUCT_BUNDLE_IDENTIFIER = com.hong1943.AFNetWorking;
				PRODUCT_NAME = "$(TARGET_NAME)";
			};
			name = Release;
		};
		95D37B821F4FBC6900A609BD /* Debug */ = {
			isa = XCBuildConfiguration;
			buildSettings = {
				BUNDLE_LOADER = "$(TEST_HOST)";
				INFOPLIST_FILE = AFNetWorkingTests/Info.plist;
				LD_RUNPATH_SEARCH_PATHS = "$(inherited) @executable_path/Frameworks @loader_path/Frameworks";
				PRODUCT_BUNDLE_IDENTIFIER = com.hong1943.AFNetWorkingTests;
				PRODUCT_NAME = "$(TARGET_NAME)";
				TEST_HOST = "$(BUILT_PRODUCTS_DIR)/AFNetWorking.app/AFNetWorking";
			};
			name = Debug;
		};
		95D37B831F4FBC6900A609BD /* Release */ = {
			isa = XCBuildConfiguration;
			buildSettings = {
				BUNDLE_LOADER = "$(TEST_HOST)";
				INFOPLIST_FILE = AFNetWorkingTests/Info.plist;
				LD_RUNPATH_SEARCH_PATHS = "$(inherited) @executable_path/Frameworks @loader_path/Frameworks";
				PRODUCT_BUNDLE_IDENTIFIER = com.hong1943.AFNetWorkingTests;
				PRODUCT_NAME = "$(TARGET_NAME)";
				TEST_HOST = "$(BUILT_PRODUCTS_DIR)/AFNetWorking.app/AFNetWorking";
			};
			name = Release;
		};
		95D37B851F4FBC6900A609BD /* Debug */ = {
			isa = XCBuildConfiguration;
			buildSettings = {
				INFOPLIST_FILE = AFNetWorkingUITests/Info.plist;
				LD_RUNPATH_SEARCH_PATHS = "$(inherited) @executable_path/Frameworks @loader_path/Frameworks";
				PRODUCT_BUNDLE_IDENTIFIER = com.hong1943.AFNetWorkingUITests;
				PRODUCT_NAME = "$(TARGET_NAME)";
				TEST_TARGET_NAME = AFNetWorking;
			};
			name = Debug;
		};
		95D37B861F4FBC6900A609BD /* Release */ = {
			isa = XCBuildConfiguration;
			buildSettings = {
				INFOPLIST_FILE = AFNetWorkingUITests/Info.plist;
				LD_RUNPATH_SEARCH_PATHS = "$(inherited) @executable_path/Frameworks @loader_path/Frameworks";
				PRODUCT_BUNDLE_IDENTIFIER = com.hong1943.AFNetWorkingUITests;
				PRODUCT_NAME = "$(TARGET_NAME)";
				TEST_TARGET_NAME = AFNetWorking;
			};
			name = Release;
		};
/* End XCBuildConfiguration section */

/* Begin XCConfigurationList section */
		95D37B4C1F4FBC6800A609BD /* Build configuration list for PBXProject "AFNetWorking" */ = {
			isa = XCConfigurationList;
			buildConfigurations = (
				95D37B7C1F4FBC6900A609BD /* Debug */,
				95D37B7D1F4FBC6900A609BD /* Release */,
			);
			defaultConfigurationIsVisible = 0;
			defaultConfigurationName = Release;
		};
		95D37B7E1F4FBC6900A609BD /* Build configuration list for PBXNativeTarget "AFNetWorking" */ = {
			isa = XCConfigurationList;
			buildConfigurations = (
				95D37B7F1F4FBC6900A609BD /* Debug */,
				95D37B801F4FBC6900A609BD /* Release */,
			);
			defaultConfigurationIsVisible = 0;
			defaultConfigurationName = Release;
		};
		95D37B811F4FBC6900A609BD /* Build configuration list for PBXNativeTarget "AFNetWorkingTests" */ = {
			isa = XCConfigurationList;
			buildConfigurations = (
				95D37B821F4FBC6900A609BD /* Debug */,
				95D37B831F4FBC6900A609BD /* Release */,
			);
			defaultConfigurationIsVisible = 0;
			defaultConfigurationName = Release;
		};
		95D37B841F4FBC6900A609BD /* Build configuration list for PBXNativeTarget "AFNetWorkingUITests" */ = {
			isa = XCConfigurationList;
			buildConfigurations = (
				95D37B851F4FBC6900A609BD /* Debug */,
				95D37B861F4FBC6900A609BD /* Release */,
			);
			defaultConfigurationIsVisible = 0;
			defaultConfigurationName = Release;
		};
/* End XCConfigurationList section */
	};
	rootObject = 95D37B491F4FBC6800A609BD /* Project object */;
}
